// !$*UTF8*$!
{
	archiveVersion = 1;
	classes = {
	};
	objectVersion = 50;
	objects = {

/* Begin PBXBuildFile section */
		6B055C2320D72D730062B9A1 /* MainWindowController.swift in Sources */ = {isa = PBXBuildFile; fileRef = 6B055C2220D72D730062B9A1 /* MainWindowController.swift */; };
		6B3CBFE220D72DEC00C8AB20 /* MainViewController.swift in Sources */ = {isa = PBXBuildFile; fileRef = 6B3CBFE120D72DEC00C8AB20 /* MainViewController.swift */; };
		6B3CBFEC20D72F8400C8AB20 /* Translations.strings in Resources */ = {isa = PBXBuildFile; fileRef = 6B3CBFEE20D72F8500C8AB20 /* Translations.strings */; };
		6B4D56D520E1B18F00D9C840 /* NSView+Utils.swift in Sources */ = {isa = PBXBuildFile; fileRef = 6B4D56D420E1B18F00D9C840 /* NSView+Utils.swift */; };
		6B4D56D820E1B2AA00D9C840 /* NibLoadable.swift in Sources */ = {isa = PBXBuildFile; fileRef = 6B4D56D720E1B2AA00D9C840 /* NibLoadable.swift */; };
		6B4D56DA20E1B2D900D9C840 /* NSViewController+Utils.swift in Sources */ = {isa = PBXBuildFile; fileRef = 6B4D56D920E1B2D900D9C840 /* NSViewController+Utils.swift */; };
		6B4D56DD20E1B9BA00D9C840 /* Collection+Utils.swift in Sources */ = {isa = PBXBuildFile; fileRef = 6B4D56DC20E1B9BA00D9C840 /* Collection+Utils.swift */; };
		6B4D56E220E1BD8600D9C840 /* AppState.swift in Sources */ = {isa = PBXBuildFile; fileRef = 6B4D56E120E1BD8600D9C840 /* AppState.swift */; };
		6B4D56E420E1BDBE00D9C840 /* AppReducer.swift in Sources */ = {isa = PBXBuildFile; fileRef = 6B4D56E320E1BDBE00D9C840 /* AppReducer.swift */; };
		6B4D56E620E1BDF600D9C840 /* AppStore.swift in Sources */ = {isa = PBXBuildFile; fileRef = 6B4D56E520E1BDF600D9C840 /* AppStore.swift */; };
		6B6DB2C920EBA40E00D56ED2 /* UserDefaults+Utils.swift in Sources */ = {isa = PBXBuildFile; fileRef = 6B6DB2C820EBA40E00D56ED2 /* UserDefaults+Utils.swift */; };
		6B9859CE20D4762B00CA37CD /* PopOverViewController.swift in Sources */ = {isa = PBXBuildFile; fileRef = 6B9859CC20D4762B00CA37CD /* PopOverViewController.swift */; };
		6B9859CF20D4762B00CA37CD /* PopOverViewController.xib in Resources */ = {isa = PBXBuildFile; fileRef = 6B9859CD20D4762B00CA37CD /* PopOverViewController.xib */; };
		6B9F8D9B20D1D44800024495 /* AppDelegate.swift in Sources */ = {isa = PBXBuildFile; fileRef = 6B9F8D9A20D1D44800024495 /* AppDelegate.swift */; };
		6B9F8D9F20D1D44900024495 /* Assets.xcassets in Resources */ = {isa = PBXBuildFile; fileRef = 6B9F8D9E20D1D44900024495 /* Assets.xcassets */; };
		6B9F8DA220D1D44900024495 /* Main.storyboard in Resources */ = {isa = PBXBuildFile; fileRef = 6B9F8DA020D1D44900024495 /* Main.storyboard */; };
		6BBB2C4620E04117007044A7 /* Locale+Utils.swift in Sources */ = {isa = PBXBuildFile; fileRef = 6BBB2C4520E04117007044A7 /* Locale+Utils.swift */; };
		6BBB2C4820E042E2007044A7 /* TimeZone+Utils.swift in Sources */ = {isa = PBXBuildFile; fileRef = 6BBB2C4720E042E2007044A7 /* TimeZone+Utils.swift */; };
		6BC3D16020EAAF8400D9F48E /* AppDelegate+Configuration.swift in Sources */ = {isa = PBXBuildFile; fileRef = 6BC3D15F20EAAF8400D9F48E /* AppDelegate+Configuration.swift */; };
		6BE3A2D120D5A0B500ACEBC6 /* EventMonitor.swift in Sources */ = {isa = PBXBuildFile; fileRef = 6BE3A2D020D5A0B500ACEBC6 /* EventMonitor.swift */; };
		6BE3A2D420D5A1E800ACEBC6 /* AppCoordinator.swift in Sources */ = {isa = PBXBuildFile; fileRef = 6BE3A2D320D5A1E800ACEBC6 /* AppCoordinator.swift */; };
		6BE3A2D620D5A30A00ACEBC6 /* PopOverCoordinator.swift in Sources */ = {isa = PBXBuildFile; fileRef = 6BE3A2D520D5A30A00ACEBC6 /* PopOverCoordinator.swift */; };
		6BE5D32C20DE9BD100E96DA4 /* TimezoneInfoView.xib in Resources */ = {isa = PBXBuildFile; fileRef = 6BE5D32B20DE9BD100E96DA4 /* TimezoneInfoView.xib */; };
		6BE5D33020DE9C9400E96DA4 /* TimezoneInfoView.swift in Sources */ = {isa = PBXBuildFile; fileRef = 6BE5D32F20DE9C9400E96DA4 /* TimezoneInfoView.swift */; };
		6BE5D33420DE9FA000E96DA4 /* TimezonePopUpButton.swift in Sources */ = {isa = PBXBuildFile; fileRef = 6BE5D33320DE9FA000E96DA4 /* TimezonePopUpButton.swift */; };
		6BE5D33920DEA08700E96DA4 /* TimezoneSelectionViewController.swift in Sources */ = {isa = PBXBuildFile; fileRef = 6BE5D33720DEA08700E96DA4 /* TimezoneSelectionViewController.swift */; };
		E458292AB7A162428CAE375D /* Pods_Timezones.framework in Frameworks */ = {isa = PBXBuildFile; fileRef = 4AB10399B851C565C9C816B3 /* Pods_Timezones.framework */; };
/* End PBXBuildFile section */

/* Begin PBXFileReference section */
		3E3B47171CF785A1D3D5DA5F /* Pods-Timezones.debug.xcconfig */ = {isa = PBXFileReference; includeInIndex = 1; lastKnownFileType = text.xcconfig; name = "Pods-Timezones.debug.xcconfig"; path = "Pods/Target Support Files/Pods-Timezones/Pods-Timezones.debug.xcconfig"; sourceTree = "<group>"; };
		4AB10399B851C565C9C816B3 /* Pods_Timezones.framework */ = {isa = PBXFileReference; explicitFileType = wrapper.framework; includeInIndex = 0; path = Pods_Timezones.framework; sourceTree = BUILT_PRODUCTS_DIR; };
		62B202851FAFAB17927FA71C /* Pods-Timezones.release.xcconfig */ = {isa = PBXFileReference; includeInIndex = 1; lastKnownFileType = text.xcconfig; name = "Pods-Timezones.release.xcconfig"; path = "Pods/Target Support Files/Pods-Timezones/Pods-Timezones.release.xcconfig"; sourceTree = "<group>"; };
		6B055C2220D72D730062B9A1 /* MainWindowController.swift */ = {isa = PBXFileReference; lastKnownFileType = sourcecode.swift; path = MainWindowController.swift; sourceTree = "<group>"; };
		6B3CBFE120D72DEC00C8AB20 /* MainViewController.swift */ = {isa = PBXFileReference; fileEncoding = 4; lastKnownFileType = sourcecode.swift; path = MainViewController.swift; sourceTree = "<group>"; };
		6B3CBFED20D72F8500C8AB20 /* en */ = {isa = PBXFileReference; lastKnownFileType = text.plist.strings; name = en; path = en.lproj/Translations.strings; sourceTree = "<group>"; };
		6B3CBFEF20D7305300C8AB20 /* pt-PT */ = {isa = PBXFileReference; lastKnownFileType = text.plist.strings; name = "pt-PT"; path = "pt-PT.lproj/Translations.strings"; sourceTree = "<group>"; };
		6B4D56D420E1B18F00D9C840 /* NSView+Utils.swift */ = {isa = PBXFileReference; lastKnownFileType = sourcecode.swift; path = "NSView+Utils.swift"; sourceTree = "<group>"; };
		6B4D56D720E1B2AA00D9C840 /* NibLoadable.swift */ = {isa = PBXFileReference; lastKnownFileType = sourcecode.swift; path = NibLoadable.swift; sourceTree = "<group>"; };
		6B4D56D920E1B2D900D9C840 /* NSViewController+Utils.swift */ = {isa = PBXFileReference; lastKnownFileType = sourcecode.swift; path = "NSViewController+Utils.swift"; sourceTree = "<group>"; };
		6B4D56DC20E1B9BA00D9C840 /* Collection+Utils.swift */ = {isa = PBXFileReference; lastKnownFileType = sourcecode.swift; path = "Collection+Utils.swift"; sourceTree = "<group>"; };
		6B4D56E120E1BD8600D9C840 /* AppState.swift */ = {isa = PBXFileReference; lastKnownFileType = sourcecode.swift; path = AppState.swift; sourceTree = "<group>"; };
		6B4D56E320E1BDBE00D9C840 /* AppReducer.swift */ = {isa = PBXFileReference; lastKnownFileType = sourcecode.swift; path = AppReducer.swift; sourceTree = "<group>"; };
		6B4D56E520E1BDF600D9C840 /* AppStore.swift */ = {isa = PBXFileReference; lastKnownFileType = sourcecode.swift; path = AppStore.swift; sourceTree = "<group>"; };
		6B6DB2C820EBA40E00D56ED2 /* UserDefaults+Utils.swift */ = {isa = PBXFileReference; lastKnownFileType = sourcecode.swift; path = "UserDefaults+Utils.swift"; sourceTree = "<group>"; };
		6B9859CC20D4762B00CA37CD /* PopOverViewController.swift */ = {isa = PBXFileReference; lastKnownFileType = sourcecode.swift; path = PopOverViewController.swift; sourceTree = "<group>"; };
		6B9859CD20D4762B00CA37CD /* PopOverViewController.xib */ = {isa = PBXFileReference; lastKnownFileType = file.xib; path = PopOverViewController.xib; sourceTree = "<group>"; };
		6B9F8D9720D1D44800024495 /* Timezones.app */ = {isa = PBXFileReference; explicitFileType = wrapper.application; includeInIndex = 0; path = Timezones.app; sourceTree = BUILT_PRODUCTS_DIR; };
		6B9F8D9A20D1D44800024495 /* AppDelegate.swift */ = {isa = PBXFileReference; lastKnownFileType = sourcecode.swift; path = AppDelegate.swift; sourceTree = "<group>"; };
		6B9F8D9E20D1D44900024495 /* Assets.xcassets */ = {isa = PBXFileReference; lastKnownFileType = folder.assetcatalog; path = Assets.xcassets; sourceTree = "<group>"; };
		6B9F8DA120D1D44900024495 /* Base */ = {isa = PBXFileReference; lastKnownFileType = file.storyboard; name = Base; path = Base.lproj/Main.storyboard; sourceTree = "<group>"; };
		6B9F8DA320D1D44900024495 /* Info.plist */ = {isa = PBXFileReference; lastKnownFileType = text.plist.xml; path = Info.plist; sourceTree = "<group>"; };
		6B9F8DA420D1D44900024495 /* Timezones.entitlements */ = {isa = PBXFileReference; lastKnownFileType = text.plist.entitlements; path = Timezones.entitlements; sourceTree = "<group>"; };
		6BBB2C4520E04117007044A7 /* Locale+Utils.swift */ = {isa = PBXFileReference; lastKnownFileType = sourcecode.swift; path = "Locale+Utils.swift"; sourceTree = "<group>"; };
		6BBB2C4720E042E2007044A7 /* TimeZone+Utils.swift */ = {isa = PBXFileReference; lastKnownFileType = sourcecode.swift; path = "TimeZone+Utils.swift"; sourceTree = "<group>"; };
		6BC3D15F20EAAF8400D9F48E /* AppDelegate+Configuration.swift */ = {isa = PBXFileReference; lastKnownFileType = sourcecode.swift; path = "AppDelegate+Configuration.swift"; sourceTree = "<group>"; };
		6BE3A2D020D5A0B500ACEBC6 /* EventMonitor.swift */ = {isa = PBXFileReference; lastKnownFileType = sourcecode.swift; path = EventMonitor.swift; sourceTree = "<group>"; };
		6BE3A2D320D5A1E800ACEBC6 /* AppCoordinator.swift */ = {isa = PBXFileReference; lastKnownFileType = sourcecode.swift; path = AppCoordinator.swift; sourceTree = "<group>"; };
		6BE3A2D520D5A30A00ACEBC6 /* PopOverCoordinator.swift */ = {isa = PBXFileReference; lastKnownFileType = sourcecode.swift; path = PopOverCoordinator.swift; sourceTree = "<group>"; };
		6BE5D32B20DE9BD100E96DA4 /* TimezoneInfoView.xib */ = {isa = PBXFileReference; lastKnownFileType = file.xib; path = TimezoneInfoView.xib; sourceTree = "<group>"; };
		6BE5D32F20DE9C9400E96DA4 /* TimezoneInfoView.swift */ = {isa = PBXFileReference; lastKnownFileType = sourcecode.swift; path = TimezoneInfoView.swift; sourceTree = "<group>"; };
		6BE5D33320DE9FA000E96DA4 /* TimezonePopUpButton.swift */ = {isa = PBXFileReference; lastKnownFileType = sourcecode.swift; path = TimezonePopUpButton.swift; sourceTree = "<group>"; };
		6BE5D33720DEA08700E96DA4 /* TimezoneSelectionViewController.swift */ = {isa = PBXFileReference; lastKnownFileType = sourcecode.swift; path = TimezoneSelectionViewController.swift; sourceTree = "<group>"; };
/* End PBXFileReference section */

/* Begin PBXFrameworksBuildPhase section */
		6B9F8D9420D1D44800024495 /* Frameworks */ = {
			isa = PBXFrameworksBuildPhase;
			buildActionMask = 2147483647;
			files = (
				E458292AB7A162428CAE375D /* Pods_Timezones.framework in Frameworks */,
			);
			runOnlyForDeploymentPostprocessing = 0;
		};
/* End PBXFrameworksBuildPhase section */

/* Begin PBXGroup section */
		6B3CBFE320D72E6F00C8AB20 /* Resources */ = {
			isa = PBXGroup;
			children = (
				6B9F8D9E20D1D44900024495 /* Assets.xcassets */,
				6B3CBFE420D72E7800C8AB20 /* Localization */,
			);
			path = Resources;
			sourceTree = "<group>";
		};
		6B3CBFE420D72E7800C8AB20 /* Localization */ = {
			isa = PBXGroup;
			children = (
				6B3CBFEE20D72F8500C8AB20 /* Translations.strings */,
			);
			path = Localization;
			sourceTree = "<group>";
		};
		6B4D56D620E1B29900D9C840 /* Protocols */ = {
			isa = PBXGroup;
			children = (
				6B4D56D720E1B2AA00D9C840 /* NibLoadable.swift */,
			);
			path = Protocols;
			sourceTree = "<group>";
		};
		6B4D56DB20E1B99200D9C840 /* Foundation */ = {
			isa = PBXGroup;
			children = (
				6B6DB2C820EBA40E00D56ED2 /* UserDefaults+Utils.swift */,
				6B4D56DC20E1B9BA00D9C840 /* Collection+Utils.swift */,
				6BBB2C4520E04117007044A7 /* Locale+Utils.swift */,
				6BBB2C4720E042E2007044A7 /* TimeZone+Utils.swift */,
			);
			path = Foundation;
			sourceTree = "<group>";
		};
		6B4D56DE20E1BD5500D9C840 /* States */ = {
			isa = PBXGroup;
			children = (
				6B4D56E120E1BD8600D9C840 /* AppState.swift */,
			);
			path = States;
			sourceTree = "<group>";
		};
		6B4D56DF20E1BD5900D9C840 /* Reducers */ = {
			isa = PBXGroup;
			children = (
				6B4D56E320E1BDBE00D9C840 /* AppReducer.swift */,
			);
			path = Reducers;
			sourceTree = "<group>";
		};
		6B4D56E020E1BD6000D9C840 /* Stores */ = {
			isa = PBXGroup;
			children = (
				6B4D56E520E1BDF600D9C840 /* AppStore.swift */,
			);
			path = Stores;
			sourceTree = "<group>";
		};
		6B9F8D8E20D1D44800024495 = {
			isa = PBXGroup;
			children = (
				6B9F8D9920D1D44800024495 /* Timezones */,
				6B9F8D9820D1D44800024495 /* Products */,
				AD83B5BCE0CE48BA94A9C6A5 /* Pods */,
				F62265E006F36F31B62D187F /* Frameworks */,
			);
			sourceTree = "<group>";
		};
		6B9F8D9820D1D44800024495 /* Products */ = {
			isa = PBXGroup;
			children = (
				6B9F8D9720D1D44800024495 /* Timezones.app */,
			);
			name = Products;
			sourceTree = "<group>";
		};
		6B9F8D9920D1D44800024495 /* Timezones */ = {
			isa = PBXGroup;
			children = (
				6B9F8D9A20D1D44800024495 /* AppDelegate.swift */,
				6BC3D15F20EAAF8400D9F48E /* AppDelegate+Configuration.swift */,
				6BE3A2D820D6818700ACEBC6 /* Controllers */,
				6BE3A2D720D6817C00ACEBC6 /* Coordinators */,
				6B4D56DF20E1BD5900D9C840 /* Reducers */,
				6B3CBFE320D72E6F00C8AB20 /* Resources */,
				6B4D56DE20E1BD5500D9C840 /* States */,
				6B4D56E020E1BD6000D9C840 /* Stores */,
				6BE3A2DA20D681BC00ACEBC6 /* Supporting Files */,
				6BE3A2D220D5A13100ACEBC6 /* Utils */,
				6BE3A2D920D6819800ACEBC6 /* Views */,
			);
			path = Timezones;
			sourceTree = "<group>";
		};
		6BBB2C4320E03B81007044A7 /* Main */ = {
			isa = PBXGroup;
			children = (
				6B3CBFE120D72DEC00C8AB20 /* MainViewController.swift */,
				6B055C2220D72D730062B9A1 /* MainWindowController.swift */,
				6BE5D33720DEA08700E96DA4 /* TimezoneSelectionViewController.swift */,
			);
			path = Main;
			sourceTree = "<group>";
		};
		6BBB2C4420E03B91007044A7 /* PopOver */ = {
			isa = PBXGroup;
			children = (
				6B9859CC20D4762B00CA37CD /* PopOverViewController.swift */,
				6B9859CD20D4762B00CA37CD /* PopOverViewController.xib */,
			);
			path = PopOver;
			sourceTree = "<group>";
		};
		6BE3A2D220D5A13100ACEBC6 /* Utils */ = {
			isa = PBXGroup;
			children = (
				6B4D56DB20E1B99200D9C840 /* Foundation */,
				6B4D56D620E1B29900D9C840 /* Protocols */,
				6BE3A2D020D5A0B500ACEBC6 /* EventMonitor.swift */,
				6B4D56D420E1B18F00D9C840 /* NSView+Utils.swift */,
				6B4D56D920E1B2D900D9C840 /* NSViewController+Utils.swift */,
			);
			path = Utils;
			sourceTree = "<group>";
		};
		6BE3A2D720D6817C00ACEBC6 /* Coordinators */ = {
			isa = PBXGroup;
			children = (
				6BE3A2D320D5A1E800ACEBC6 /* AppCoordinator.swift */,
				6BE3A2D520D5A30A00ACEBC6 /* PopOverCoordinator.swift */,
			);
			path = Coordinators;
			sourceTree = "<group>";
		};
		6BE3A2D820D6818700ACEBC6 /* Controllers */ = {
			isa = PBXGroup;
			children = (
				6BBB2C4320E03B81007044A7 /* Main */,
				6BBB2C4420E03B91007044A7 /* PopOver */,
			);
			path = Controllers;
			sourceTree = "<group>";
		};
		6BE3A2D920D6819800ACEBC6 /* Views */ = {
			isa = PBXGroup;
			children = (
				6B9F8DA020D1D44900024495 /* Main.storyboard */,
				6BE5D32F20DE9C9400E96DA4 /* TimezoneInfoView.swift */,
				6BE5D32B20DE9BD100E96DA4 /* TimezoneInfoView.xib */,
				6BE5D33320DE9FA000E96DA4 /* TimezonePopUpButton.swift */,
			);
			path = Views;
			sourceTree = "<group>";
		};
		6BE3A2DA20D681BC00ACEBC6 /* Supporting Files */ = {
			isa = PBXGroup;
			children = (
				6B9F8DA320D1D44900024495 /* Info.plist */,
				6B9F8DA420D1D44900024495 /* Timezones.entitlements */,
			);
			path = "Supporting Files";
			sourceTree = "<group>";
		};
		AD83B5BCE0CE48BA94A9C6A5 /* Pods */ = {
			isa = PBXGroup;
			children = (
				3E3B47171CF785A1D3D5DA5F /* Pods-Timezones.debug.xcconfig */,
				62B202851FAFAB17927FA71C /* Pods-Timezones.release.xcconfig */,
			);
			name = Pods;
			sourceTree = "<group>";
		};
		F62265E006F36F31B62D187F /* Frameworks */ = {
			isa = PBXGroup;
			children = (
				4AB10399B851C565C9C816B3 /* Pods_Timezones.framework */,
			);
			name = Frameworks;
			sourceTree = "<group>";
		};
/* End PBXGroup section */

/* Begin PBXNativeTarget section */
		6B9F8D9620D1D44800024495 /* Timezones */ = {
			isa = PBXNativeTarget;
			buildConfigurationList = 6B9F8DA720D1D44900024495 /* Build configuration list for PBXNativeTarget "Timezones" */;
			buildPhases = (
				331E70718EB2243118C4E9EE /* [CP] Check Pods Manifest.lock */,
				6B9F8D9320D1D44800024495 /* Sources */,
				6B9F8D9420D1D44800024495 /* Frameworks */,
				6B9F8D9520D1D44800024495 /* Resources */,
				4281D96BEE61B242D4F732BD /* [CP] Embed Pods Frameworks */,
			);
			buildRules = (
			);
			dependencies = (
			);
			name = Timezones;
			productName = Timezones;
			productReference = 6B9F8D9720D1D44800024495 /* Timezones.app */;
			productType = "com.apple.product-type.application";
		};
/* End PBXNativeTarget section */

/* Begin PBXProject section */
		6B9F8D8F20D1D44800024495 /* Project object */ = {
			isa = PBXProject;
			attributes = {
				LastSwiftUpdateCheck = 1000;
				LastUpgradeCheck = 1000;
				ORGANIZATIONNAME = franciscoamado;
				TargetAttributes = {
					6B9F8D9620D1D44800024495 = {
						CreatedOnToolsVersion = 10.0;
					};
				};
			};
			buildConfigurationList = 6B9F8D9220D1D44800024495 /* Build configuration list for PBXProject "Timezones" */;
			compatibilityVersion = "Xcode 9.3";
			developmentRegion = en;
			hasScannedForEncodings = 0;
			knownRegions = (
				en,
				Base,
				"pt-PT",
			);
			mainGroup = 6B9F8D8E20D1D44800024495;
			productRefGroup = 6B9F8D9820D1D44800024495 /* Products */;
			projectDirPath = "";
			projectRoot = "";
			targets = (
				6B9F8D9620D1D44800024495 /* Timezones */,
			);
		};
/* End PBXProject section */

/* Begin PBXResourcesBuildPhase section */
		6B9F8D9520D1D44800024495 /* Resources */ = {
			isa = PBXResourcesBuildPhase;
			buildActionMask = 2147483647;
			files = (
				6B9859CF20D4762B00CA37CD /* PopOverViewController.xib in Resources */,
				6B9F8D9F20D1D44900024495 /* Assets.xcassets in Resources */,
				6B3CBFEC20D72F8400C8AB20 /* Translations.strings in Resources */,
				6B9F8DA220D1D44900024495 /* Main.storyboard in Resources */,
				6BE5D32C20DE9BD100E96DA4 /* TimezoneInfoView.xib in Resources */,
			);
			runOnlyForDeploymentPostprocessing = 0;
		};
/* End PBXResourcesBuildPhase section */

/* Begin PBXShellScriptBuildPhase section */
		331E70718EB2243118C4E9EE /* [CP] Check Pods Manifest.lock */ = {
			isa = PBXShellScriptBuildPhase;
			buildActionMask = 2147483647;
			files = (
			);
			inputPaths = (
				"${PODS_PODFILE_DIR_PATH}/Podfile.lock",
				"${PODS_ROOT}/Manifest.lock",
			);
			name = "[CP] Check Pods Manifest.lock";
			outputPaths = (
				"$(DERIVED_FILE_DIR)/Pods-Timezones-checkManifestLockResult.txt",
			);
			runOnlyForDeploymentPostprocessing = 0;
			shellPath = /bin/sh;
			shellScript = "diff \"${PODS_PODFILE_DIR_PATH}/Podfile.lock\" \"${PODS_ROOT}/Manifest.lock\" > /dev/null\nif [ $? != 0 ] ; then\n    # print error to STDERR\n    echo \"error: The sandbox is not in sync with the Podfile.lock. Run 'pod install' or update your CocoaPods installation.\" >&2\n    exit 1\nfi\n# This output is used by Xcode 'outputs' to avoid re-running this script phase.\necho \"SUCCESS\" > \"${SCRIPT_OUTPUT_FILE_0}\"\n";
			showEnvVarsInLog = 0;
		};
		4281D96BEE61B242D4F732BD /* [CP] Embed Pods Frameworks */ = {
			isa = PBXShellScriptBuildPhase;
			buildActionMask = 2147483647;
			files = (
			);
			inputPaths = (
				"${SRCROOT}/Pods/Target Support Files/Pods-Timezones/Pods-Timezones-frameworks.sh",
				"${BUILT_PRODUCTS_DIR}/ReSwift/ReSwift.framework",
			);
			name = "[CP] Embed Pods Frameworks";
			outputPaths = (
				"${TARGET_BUILD_DIR}/${FRAMEWORKS_FOLDER_PATH}/ReSwift.framework",
			);
			runOnlyForDeploymentPostprocessing = 0;
			shellPath = /bin/sh;
			shellScript = "\"${SRCROOT}/Pods/Target Support Files/Pods-Timezones/Pods-Timezones-frameworks.sh\"\n";
			showEnvVarsInLog = 0;
		};
/* End PBXShellScriptBuildPhase section */

/* Begin PBXSourcesBuildPhase section */
		6B9F8D9320D1D44800024495 /* Sources */ = {
			isa = PBXSourcesBuildPhase;
			buildActionMask = 2147483647;
			files = (
				6B055C2320D72D730062B9A1 /* MainWindowController.swift in Sources */,
				6B9F8D9B20D1D44800024495 /* AppDelegate.swift in Sources */,
				6BE5D33420DE9FA000E96DA4 /* TimezonePopUpButton.swift in Sources */,
				6B4D56D520E1B18F00D9C840 /* NSView+Utils.swift in Sources */,
				6B4D56DA20E1B2D900D9C840 /* NSViewController+Utils.swift in Sources */,
				6BE3A2D620D5A30A00ACEBC6 /* PopOverCoordinator.swift in Sources */,
				6B4D56E220E1BD8600D9C840 /* AppState.swift in Sources */,
				6B4D56E620E1BDF600D9C840 /* AppStore.swift in Sources */,
				6BE5D33020DE9C9400E96DA4 /* TimezoneInfoView.swift in Sources */,
				6BC3D16020EAAF8400D9F48E /* AppDelegate+Configuration.swift in Sources */,
				6BE3A2D420D5A1E800ACEBC6 /* AppCoordinator.swift in Sources */,
				6B3CBFE220D72DEC00C8AB20 /* MainViewController.swift in Sources */,
				6B4D56DD20E1B9BA00D9C840 /* Collection+Utils.swift in Sources */,
				6BBB2C4620E04117007044A7 /* Locale+Utils.swift in Sources */,
				6B4D56E420E1BDBE00D9C840 /* AppReducer.swift in Sources */,
				6B4D56D820E1B2AA00D9C840 /* NibLoadable.swift in Sources */,
				6B9859CE20D4762B00CA37CD /* PopOverViewController.swift in Sources */,
				6BE5D33920DEA08700E96DA4 /* TimezoneSelectionViewController.swift in Sources */,
				6B6DB2C920EBA40E00D56ED2 /* UserDefaults+Utils.swift in Sources */,
				6BBB2C4820E042E2007044A7 /* TimeZone+Utils.swift in Sources */,
				6BE3A2D120D5A0B500ACEBC6 /* EventMonitor.swift in Sources */,
			);
			runOnlyForDeploymentPostprocessing = 0;
		};
/* End PBXSourcesBuildPhase section */

/* Begin PBXVariantGroup section */
		6B3CBFEE20D72F8500C8AB20 /* Translations.strings */ = {
			isa = PBXVariantGroup;
			children = (
				6B3CBFED20D72F8500C8AB20 /* en */,
				6B3CBFEF20D7305300C8AB20 /* pt-PT */,
			);
			name = Translations.strings;
			sourceTree = "<group>";
		};
		6B9F8DA020D1D44900024495 /* Main.storyboard */ = {
			isa = PBXVariantGroup;
			children = (
				6B9F8DA120D1D44900024495 /* Base */,
			);
			name = Main.storyboard;
			sourceTree = "<group>";
		};
/* End PBXVariantGroup section */

/* Begin XCBuildConfiguration section */
		6B9F8DA520D1D44900024495 /* Debug */ = {
			isa = XCBuildConfiguration;
			buildSettings = {
				ALWAYS_SEARCH_USER_PATHS = NO;
				CLANG_ANALYZER_LOCALIZABILITY_NONLOCALIZED = YES;
				CLANG_ANALYZER_NONNULL = YES;
				CLANG_ANALYZER_NUMBER_OBJECT_CONVERSION = YES_AGGRESSIVE;
				CLANG_CXX_LANGUAGE_STANDARD = "gnu++14";
				CLANG_CXX_LIBRARY = "libc++";
				CLANG_ENABLE_MODULES = YES;
				CLANG_ENABLE_OBJC_ARC = YES;
				CLANG_ENABLE_OBJC_WEAK = YES;
				CLANG_WARN_BLOCK_CAPTURE_AUTORELEASING = YES;
				CLANG_WARN_BOOL_CONVERSION = YES;
				CLANG_WARN_COMMA = YES;
				CLANG_WARN_CONSTANT_CONVERSION = YES;
				CLANG_WARN_DEPRECATED_OBJC_IMPLEMENTATIONS = YES;
				CLANG_WARN_DIRECT_OBJC_ISA_USAGE = YES_ERROR;
				CLANG_WARN_DOCUMENTATION_COMMENTS = YES;
				CLANG_WARN_EMPTY_BODY = YES;
				CLANG_WARN_ENUM_CONVERSION = YES;
				CLANG_WARN_INFINITE_RECURSION = YES;
				CLANG_WARN_INT_CONVERSION = YES;
				CLANG_WARN_NON_LITERAL_NULL_CONVERSION = YES;
				CLANG_WARN_OBJC_IMPLICIT_RETAIN_SELF = YES;
				CLANG_WARN_OBJC_LITERAL_CONVERSION = YES;
				CLANG_WARN_OBJC_ROOT_CLASS = YES_ERROR;
				CLANG_WARN_RANGE_LOOP_ANALYSIS = YES;
				CLANG_WARN_STRICT_PROTOTYPES = YES;
				CLANG_WARN_SUSPICIOUS_MOVE = YES;
				CLANG_WARN_UNGUARDED_AVAILABILITY = YES_AGGRESSIVE;
				CLANG_WARN_UNREACHABLE_CODE = YES;
				CLANG_WARN__DUPLICATE_METHOD_MATCH = YES;
				CODE_SIGN_IDENTITY = "Mac Developer";
				COPY_PHASE_STRIP = NO;
				DEBUG_INFORMATION_FORMAT = dwarf;
				ENABLE_STRICT_OBJC_MSGSEND = YES;
				ENABLE_TESTABILITY = YES;
				GCC_C_LANGUAGE_STANDARD = gnu11;
				GCC_DYNAMIC_NO_PIC = NO;
				GCC_NO_COMMON_BLOCKS = YES;
				GCC_OPTIMIZATION_LEVEL = 0;
				GCC_PREPROCESSOR_DEFINITIONS = (
					"DEBUG=1",
					"$(inherited)",
				);
				GCC_WARN_64_TO_32_BIT_CONVERSION = YES;
				GCC_WARN_ABOUT_RETURN_TYPE = YES_ERROR;
				GCC_WARN_UNDECLARED_SELECTOR = YES;
				GCC_WARN_UNINITIALIZED_AUTOS = YES_AGGRESSIVE;
				GCC_WARN_UNUSED_FUNCTION = YES;
				GCC_WARN_UNUSED_VARIABLE = YES;
				MACOSX_DEPLOYMENT_TARGET = 10.13;
				MTL_ENABLE_DEBUG_INFO = INCLUDE_SOURCE;
				ONLY_ACTIVE_ARCH = YES;
				SDKROOT = macosx;
				SWIFT_ACTIVE_COMPILATION_CONDITIONS = DEBUG;
				SWIFT_OPTIMIZATION_LEVEL = "-Onone";
			};
			name = Debug;
		};
		6B9F8DA620D1D44900024495 /* Release */ = {
			isa = XCBuildConfiguration;
			buildSettings = {
				ALWAYS_SEARCH_USER_PATHS = NO;
				CLANG_ANALYZER_LOCALIZABILITY_NONLOCALIZED = YES;
				CLANG_ANALYZER_NONNULL = YES;
				CLANG_ANALYZER_NUMBER_OBJECT_CONVERSION = YES_AGGRESSIVE;
				CLANG_CXX_LANGUAGE_STANDARD = "gnu++14";
				CLANG_CXX_LIBRARY = "libc++";
				CLANG_ENABLE_MODULES = YES;
				CLANG_ENABLE_OBJC_ARC = YES;
				CLANG_ENABLE_OBJC_WEAK = YES;
				CLANG_WARN_BLOCK_CAPTURE_AUTORELEASING = YES;
				CLANG_WARN_BOOL_CONVERSION = YES;
				CLANG_WARN_COMMA = YES;
				CLANG_WARN_CONSTANT_CONVERSION = YES;
				CLANG_WARN_DEPRECATED_OBJC_IMPLEMENTATIONS = YES;
				CLANG_WARN_DIRECT_OBJC_ISA_USAGE = YES_ERROR;
				CLANG_WARN_DOCUMENTATION_COMMENTS = YES;
				CLANG_WARN_EMPTY_BODY = YES;
				CLANG_WARN_ENUM_CONVERSION = YES;
				CLANG_WARN_INFINITE_RECURSION = YES;
				CLANG_WARN_INT_CONVERSION = YES;
				CLANG_WARN_NON_LITERAL_NULL_CONVERSION = YES;
				CLANG_WARN_OBJC_IMPLICIT_RETAIN_SELF = YES;
				CLANG_WARN_OBJC_LITERAL_CONVERSION = YES;
				CLANG_WARN_OBJC_ROOT_CLASS = YES_ERROR;
				CLANG_WARN_RANGE_LOOP_ANALYSIS = YES;
				CLANG_WARN_STRICT_PROTOTYPES = YES;
				CLANG_WARN_SUSPICIOUS_MOVE = YES;
				CLANG_WARN_UNGUARDED_AVAILABILITY = YES_AGGRESSIVE;
				CLANG_WARN_UNREACHABLE_CODE = YES;
				CLANG_WARN__DUPLICATE_METHOD_MATCH = YES;
				CODE_SIGN_IDENTITY = "Mac Developer";
				COPY_PHASE_STRIP = NO;
				DEBUG_INFORMATION_FORMAT = "dwarf-with-dsym";
				ENABLE_NS_ASSERTIONS = NO;
				ENABLE_STRICT_OBJC_MSGSEND = YES;
				GCC_C_LANGUAGE_STANDARD = gnu11;
				GCC_NO_COMMON_BLOCKS = YES;
				GCC_WARN_64_TO_32_BIT_CONVERSION = YES;
				GCC_WARN_ABOUT_RETURN_TYPE = YES_ERROR;
				GCC_WARN_UNDECLARED_SELECTOR = YES;
				GCC_WARN_UNINITIALIZED_AUTOS = YES_AGGRESSIVE;
				GCC_WARN_UNUSED_FUNCTION = YES;
				GCC_WARN_UNUSED_VARIABLE = YES;
				MACOSX_DEPLOYMENT_TARGET = 10.13;
				MTL_ENABLE_DEBUG_INFO = NO;
				SDKROOT = macosx;
				SWIFT_COMPILATION_MODE = wholemodule;
				SWIFT_OPTIMIZATION_LEVEL = "-O";
			};
			name = Release;
		};
		6B9F8DA820D1D44900024495 /* Debug */ = {
			isa = XCBuildConfiguration;
			baseConfigurationReference = 3E3B47171CF785A1D3D5DA5F /* Pods-Timezones.debug.xcconfig */;
			buildSettings = {
				ASSETCATALOG_COMPILER_APPICON_NAME = AppIcon;
				CODE_SIGN_ENTITLEMENTS = "Timezones/Supporting Files/Timezones.entitlements";
				CODE_SIGN_IDENTITY = "Mac Developer";
				CODE_SIGN_STYLE = Automatic;
				COMBINE_HIDPI_IMAGES = YES;
				DEVELOPMENT_TEAM = 5SKY58ZP6K;
				INFOPLIST_FILE = "Timezones/Supporting Files/Info.plist";
				LD_RUNPATH_SEARCH_PATHS = (
					"$(inherited)",
					"@executable_path/../Frameworks",
				);
				PRODUCT_BUNDLE_IDENTIFIER = com.franciscoamado.Timezones;
				PRODUCT_NAME = "$(TARGET_NAME)";
				PROVISIONING_PROFILE_SPECIFIER = "";
				SWIFT_VERSION = 4.2;
			};
			name = Debug;
		};
		6B9F8DA920D1D44900024495 /* Release */ = {
			isa = XCBuildConfiguration;
			baseConfigurationReference = 62B202851FAFAB17927FA71C /* Pods-Timezones.release.xcconfig */;
			buildSettings = {
				ASSETCATALOG_COMPILER_APPICON_NAME = AppIcon;
				CODE_SIGN_ENTITLEMENTS = "Timezones/Supporting Files/Timezones.entitlements";
				CODE_SIGN_IDENTITY = "Mac Developer";
				CODE_SIGN_STYLE = Automatic;
				COMBINE_HIDPI_IMAGES = YES;
				DEVELOPMENT_TEAM = 5SKY58ZP6K;
				INFOPLIST_FILE = "Timezones/Supporting Files/Info.plist";
				LD_RUNPATH_SEARCH_PATHS = (
					"$(inherited)",
					"@executable_path/../Frameworks",
				);
				PRODUCT_BUNDLE_IDENTIFIER = com.franciscoamado.Timezones;
				PRODUCT_NAME = "$(TARGET_NAME)";
				PROVISIONING_PROFILE_SPECIFIER = "";
				SWIFT_VERSION = 4.2;
			};
			name = Release;
		};
/* End XCBuildConfiguration section */

/* Begin XCConfigurationList section */
		6B9F8D9220D1D44800024495 /* Build configuration list for PBXProject "Timezones" */ = {
			isa = XCConfigurationList;
			buildConfigurations = (
				6B9F8DA520D1D44900024495 /* Debug */,
				6B9F8DA620D1D44900024495 /* Release */,
			);
			defaultConfigurationIsVisible = 0;
			defaultConfigurationName = Release;
		};
		6B9F8DA720D1D44900024495 /* Build configuration list for PBXNativeTarget "Timezones" */ = {
			isa = XCConfigurationList;
			buildConfigurations = (
				6B9F8DA820D1D44900024495 /* Debug */,
				6B9F8DA920D1D44900024495 /* Release */,
			);
			defaultConfigurationIsVisible = 0;
			defaultConfigurationName = Release;
		};
/* End XCConfigurationList section */
	};
	rootObject = 6B9F8D8F20D1D44800024495 /* Project object */;
}
